
Microsoft Visual Studio Solution File, Format Version 12.00
# Visual Studio 2012
Project("{FAE04EC0-301F-11D3-BF4B-00C04F79EFBC}") = "headspringExample1", "headspringExample1\headspringExample1.csproj", "{206F96D6-4A93-4117-ABF4-9EDB372F0F85}"
EndProject
Project("{FAE04EC0-301F-11D3-BF4B-00C04F79EFBC}") = "HeadspringLib", "HeadspringLib\HeadspringLib.csproj", "{A0C64807-AA68-4BD6-AEF3-9AB4CB7945DA}"
EndProject
Global
	GlobalSection(SolutionConfigurationPlatforms) = preSolution
		Debug|Any CPU = Debug|Any CPU
		Release|Any CPU = Release|Any CPU
	EndGlobalSection
	GlobalSection(ProjectConfigurationPlatforms) = postSolution
		{206F96D6-4A93-4117-ABF4-9EDB372F0F85}.Debug|Any CPU.ActiveCfg = Debug|Any CPU
		{206F96D6-4A93-4117-ABF4-9EDB372F0F85}.Debug|Any CPU.Build.0 = Debug|Any CPU
		{206F96D6-4A93-4117-ABF4-9EDB372F0F85}.Release|Any CPU.ActiveCfg = Release|Any CPU
		{206F96D6-4A93-4117-ABF4-9EDB372F0F85}.Release|Any CPU.Build.0 = Release|Any CPU
		{A0C64807-AA68-4BD6-AEF3-9AB4CB7945DA}.Debug|Any CPU.ActiveCfg = Debug|Any CPU
		{A0C64807-AA68-4BD6-AEF3-9AB4CB7945DA}.Debug|Any CPU.Build.0 = Debug|Any CPU
		{A0C64807-AA68-4BD6-AEF3-9AB4CB7945DA}.Release|Any CPU.ActiveCfg = Release|Any CPU
		{A0C64807-AA68-4BD6-AEF3-9AB4CB7945DA}.Release|Any CPU.Build.0 = Release|Any CPU
	EndGlobalSection
	GlobalSection(SolutionProperties) = preSolution
		HideSolutionNode = FALSE
	EndGlobalSection
EndGlobal
